// !$*UTF8*$!
{
	archiveVersion = 1;
	classes = {
	};
	objectVersion = 46;
	objects = {

/* Begin PBXBuildFile section */
		F3115DE01E488E6A00653426 /* libclBLAS.dylib in Frameworks */ = {isa = PBXBuildFile; fileRef = F3115DDF1E488E6A00653426 /* libclBLAS.dylib */; };
		F31E63871E438E4C00CC2512 /* CLNet.c in Sources */ = {isa = PBXBuildFile; fileRef = F3D44FCD1E3A366E00FD6DC9 /* CLNet.c */; };
		F32338161E12C6F3007E915D /* csvparser.c in Sources */ = {isa = PBXBuildFile; fileRef = F32338141E12C6F3007E915D /* csvparser.c */; };
		F33124F11DCF762C0009950C /* Kernels.ocl in CopyFiles */ = {isa = PBXBuildFile; fileRef = F33124F01DCF71600009950C /* Kernels.ocl */; };
		F3413CEE1DD1F1D7006BC6BB /* CLRandom.c in Sources */ = {isa = PBXBuildFile; fileRef = F3413CEC1DD1F1D7006BC6BB /* CLRandom.c */; };
		F3B7EF0C1DD330CF0046EC7C /* CLBenchmark.c in Sources */ = {isa = PBXBuildFile; fileRef = F3B7EF0A1DD330CF0046EC7C /* CLBenchmark.c */; };
		F3C018ED1DCE423400062459 /* main.c in Sources */ = {isa = PBXBuildFile; fileRef = F3C018EC1DCE423400062459 /* main.c */; };
		F3C018F61DCE427900062459 /* CLManager.c in Sources */ = {isa = PBXBuildFile; fileRef = F3C018F31DCE427900062459 /* CLManager.c */; };
		F3C018F91DCE45F200062459 /* CLMatrix.c in Sources */ = {isa = PBXBuildFile; fileRef = F3C018F71DCE45F200062459 /* CLMatrix.c */; };
		F3FCDD801E4218AE00FEA0E9 /* irisInputs.csv in CopyFiles */ = {isa = PBXBuildFile; fileRef = F3FCDD7E1E42186F00FEA0E9 /* irisInputs.csv */; };
		F3FCDD811E4218AE00FEA0E9 /* irisTargets.csv in CopyFiles */ = {isa = PBXBuildFile; fileRef = F3FCDD7F1E42186F00FEA0E9 /* irisTargets.csv */; };
/* End PBXBuildFile section */

/* Begin PBXCopyFilesBuildPhase section */
		F3C018E71DCE423400062459 /* CopyFiles */ = {
			isa = PBXCopyFilesBuildPhase;
			buildActionMask = 12;
			dstPath = "";
			dstSubfolderSpec = 16;
			files = (
				F3FCDD801E4218AE00FEA0E9 /* irisInputs.csv in CopyFiles */,
				F3FCDD811E4218AE00FEA0E9 /* irisTargets.csv in CopyFiles */,
				F33124F11DCF762C0009950C /* Kernels.ocl in CopyFiles */,
			);
			runOnlyForDeploymentPostprocessing = 0;
		};
/* End PBXCopyFilesBuildPhase section */

/* Begin PBXFileReference section */
		F3115DDF1E488E6A00653426 /* libclBLAS.dylib */ = {isa = PBXFileReference; lastKnownFileType = "compiled.mach-o.dylib"; path = libclBLAS.dylib; sourceTree = "<group>"; };
		F32338141E12C6F3007E915D /* csvparser.c */ = {isa = PBXFileReference; fileEncoding = 4; lastKnownFileType = sourcecode.c.c; path = csvparser.c; sourceTree = "<group>"; };
		F32338151E12C6F3007E915D /* csvparser.h */ = {isa = PBXFileReference; fileEncoding = 4; lastKnownFileType = sourcecode.c.h; path = csvparser.h; sourceTree = "<group>"; };
		F33124EB1DCF35880009950C /* CLAnn.c */ = {isa = PBXFileReference; fileEncoding = 4; lastKnownFileType = sourcecode.c.c; path = CLAnn.c; sourceTree = "<group>"; };
		F33124EC1DCF35880009950C /* CLAnn.h */ = {isa = PBXFileReference; fileEncoding = 4; lastKnownFileType = sourcecode.c.h; path = CLAnn.h; sourceTree = "<group>"; };
		F33124F01DCF71600009950C /* Kernels.ocl */ = {isa = PBXFileReference; fileEncoding = 4; lastKnownFileType = text; path = Kernels.ocl; sourceTree = "<group>"; xcLanguageSpecificationIdentifier = xcode.lang.opencl; };
		F3413CEC1DD1F1D7006BC6BB /* CLRandom.c */ = {isa = PBXFileReference; fileEncoding = 4; lastKnownFileType = sourcecode.c.c; path = CLRandom.c; sourceTree = "<group>"; };
		F3413CED1DD1F1D7006BC6BB /* CLRandom.h */ = {isa = PBXFileReference; fileEncoding = 4; lastKnownFileType = sourcecode.c.h; path = CLRandom.h; sourceTree = "<group>"; };
		F3B7EF0A1DD330CF0046EC7C /* CLBenchmark.c */ = {isa = PBXFileReference; fileEncoding = 4; lastKnownFileType = sourcecode.c.c; path = CLBenchmark.c; sourceTree = "<group>"; };
		F3B7EF0B1DD330CF0046EC7C /* CLBenchmark.h */ = {isa = PBXFileReference; fileEncoding = 4; lastKnownFileType = sourcecode.c.h; path = CLBenchmark.h; sourceTree = "<group>"; };
		F3C018E91DCE423400062459 /* CLAnnLMA */ = {isa = PBXFileReference; explicitFileType = "compiled.mach-o.executable"; includeInIndex = 0; path = CLAnnLMA; sourceTree = BUILT_PRODUCTS_DIR; };
		F3C018EC1DCE423400062459 /* main.c */ = {isa = PBXFileReference; lastKnownFileType = sourcecode.c.c; path = main.c; sourceTree = "<group>"; };
		F3C018F31DCE427900062459 /* CLManager.c */ = {isa = PBXFileReference; fileEncoding = 4; lastKnownFileType = sourcecode.c.c; path = CLManager.c; sourceTree = "<group>"; };
		F3C018F41DCE427900062459 /* CLManager.h */ = {isa = PBXFileReference; fileEncoding = 4; lastKnownFileType = sourcecode.c.h; path = CLManager.h; sourceTree = "<group>"; };
		F3C018F51DCE427900062459 /* Common.h */ = {isa = PBXFileReference; fileEncoding = 4; lastKnownFileType = sourcecode.c.h; path = Common.h; sourceTree = "<group>"; };
		F3C018F71DCE45F200062459 /* CLMatrix.c */ = {isa = PBXFileReference; fileEncoding = 4; lastKnownFileType = sourcecode.c.c; path = CLMatrix.c; sourceTree = "<group>"; };
		F3C018F81DCE45F200062459 /* CLMatrix.h */ = {isa = PBXFileReference; fileEncoding = 4; lastKnownFileType = sourcecode.c.h; path = CLMatrix.h; sourceTree = "<group>"; };
		F3C1B4491DD2956C008E59D9 /* Makefile */ = {isa = PBXFileReference; fileEncoding = 4; lastKnownFileType = sourcecode.make; path = Makefile; sourceTree = "<group>"; };
		F3D44FCD1E3A366E00FD6DC9 /* CLNet.c */ = {isa = PBXFileReference; fileEncoding = 4; lastKnownFileType = sourcecode.c.c; path = CLNet.c; sourceTree = "<group>"; };
		F3D44FCE1E3A366E00FD6DC9 /* CLNet.h */ = {isa = PBXFileReference; fileEncoding = 4; lastKnownFileType = sourcecode.c.h; path = CLNet.h; sourceTree = "<group>"; };
		F3FCDD7E1E42186F00FEA0E9 /* irisInputs.csv */ = {isa = PBXFileReference; lastKnownFileType = text; path = irisInputs.csv; sourceTree = "<group>"; };
		F3FCDD7F1E42186F00FEA0E9 /* irisTargets.csv */ = {isa = PBXFileReference; lastKnownFileType = text; path = irisTargets.csv; sourceTree = "<group>"; };
/* End PBXFileReference section */

/* Begin PBXFrameworksBuildPhase section */
		F3C018E61DCE423400062459 /* Frameworks */ = {
			isa = PBXFrameworksBuildPhase;
			buildActionMask = 2147483647;
			files = (
				F3115DE01E488E6A00653426 /* libclBLAS.dylib in Frameworks */,
			);
			runOnlyForDeploymentPostprocessing = 0;
		};
/* End PBXFrameworksBuildPhase section */

/* Begin PBXGroup section */
		F3C018E01DCE423400062459 = {
			isa = PBXGroup;
			children = (
				F3C018EB1DCE423400062459 /* CLAnnLMA */,
				F3C018EA1DCE423400062459 /* Products */,
			);
			sourceTree = "<group>";
		};
		F3C018EA1DCE423400062459 /* Products */ = {
			isa = PBXGroup;
			children = (
				F3C018E91DCE423400062459 /* CLAnnLMA */,
			);
			name = Products;
			sourceTree = "<group>";
		};
		F3C018EB1DCE423400062459 /* CLAnnLMA */ = {
			isa = PBXGroup;
			children = (
				F3C018EC1DCE423400062459 /* main.c */,
				F3C018F51DCE427900062459 /* Common.h */,
				F3C018F41DCE427900062459 /* CLManager.h */,
				F3C018F31DCE427900062459 /* CLManager.c */,
				F3D44FCE1E3A366E00FD6DC9 /* CLNet.h */,
				F3D44FCD1E3A366E00FD6DC9 /* CLNet.c */,
				F33124EC1DCF35880009950C /* CLAnn.h */,
				F33124EB1DCF35880009950C /* CLAnn.c */,
				F3C018F81DCE45F200062459 /* CLMatrix.h */,
				F3C018F71DCE45F200062459 /* CLMatrix.c */,
				F33124F01DCF71600009950C /* Kernels.ocl */,
				F3413CED1DD1F1D7006BC6BB /* CLRandom.h */,
				F3413CEC1DD1F1D7006BC6BB /* CLRandom.c */,
				F3C1B4491DD2956C008E59D9 /* Makefile */,
				F3B7EF0B1DD330CF0046EC7C /* CLBenchmark.h */,
				F3B7EF0A1DD330CF0046EC7C /* CLBenchmark.c */,
				F32338151E12C6F3007E915D /* csvparser.h */,
				F32338141E12C6F3007E915D /* csvparser.c */,
				F3FCDD7E1E42186F00FEA0E9 /* irisInputs.csv */,
				F3FCDD7F1E42186F00FEA0E9 /* irisTargets.csv */,
				F3115DDF1E488E6A00653426 /* libclBLAS.dylib */,
			);
			path = CLAnnLMA;
			sourceTree = "<group>";
		};
/* End PBXGroup section */

/* Begin PBXNativeTarget section */
		F3C018E81DCE423400062459 /* CLAnnLMA */ = {
			isa = PBXNativeTarget;
			buildConfigurationList = F3C018F01DCE423400062459 /* Build configuration list for PBXNativeTarget "CLAnnLMA" */;
			buildPhases = (
				F3C018E51DCE423400062459 /* Sources */,
				F3C018E61DCE423400062459 /* Frameworks */,
				F3C018E71DCE423400062459 /* CopyFiles */,
			);
			buildRules = (
			);
			dependencies = (
			);
			name = CLAnnLMA;
			productName = CLAnnLMA;
			productReference = F3C018E91DCE423400062459 /* CLAnnLMA */;
			productType = "com.apple.product-type.tool";
		};
/* End PBXNativeTarget section */

/* Begin PBXProject section */
		F3C018E11DCE423400062459 /* Project object */ = {
			isa = PBXProject;
			attributes = {
				LastUpgradeCheck = 0720;
				ORGANIZATIONNAME = Albertomac;
				TargetAttributes = {
					F3C018E81DCE423400062459 = {
						CreatedOnToolsVersion = 7.2.1;
					};
				};
			};
			buildConfigurationList = F3C018E41DCE423400062459 /* Build configuration list for PBXProject "CLAnnLMA" */;
			compatibilityVersion = "Xcode 3.2";
			developmentRegion = English;
			hasScannedForEncodings = 0;
			knownRegions = (
				en,
			);
			mainGroup = F3C018E01DCE423400062459;
			productRefGroup = F3C018EA1DCE423400062459 /* Products */;
			projectDirPath = "";
			projectRoot = "";
			targets = (
				F3C018E81DCE423400062459 /* CLAnnLMA */,
			);
		};
/* End PBXProject section */

/* Begin PBXSourcesBuildPhase section */
		F3C018E51DCE423400062459 /* Sources */ = {
			isa = PBXSourcesBuildPhase;
			buildActionMask = 2147483647;
			files = (
				F31E63871E438E4C00CC2512 /* CLNet.c in Sources */,
				F3C018F61DCE427900062459 /* CLManager.c in Sources */,
				F3B7EF0C1DD330CF0046EC7C /* CLBenchmark.c in Sources */,
				F3413CEE1DD1F1D7006BC6BB /* CLRandom.c in Sources */,
				F3C018ED1DCE423400062459 /* main.c in Sources */,
				F3C018F91DCE45F200062459 /* CLMatrix.c in Sources */,
				F32338161E12C6F3007E915D /* csvparser.c in Sources */,
			);
			runOnlyForDeploymentPostprocessing = 0;
		};
/* End PBXSourcesBuildPhase section */

/* Begin XCBuildConfiguration section */
		F3C018EE1DCE423400062459 /* Debug */ = {
			isa = XCBuildConfiguration;
			buildSettings = {
				ALWAYS_SEARCH_USER_PATHS = NO;
				CLANG_CXX_LANGUAGE_STANDARD = "gnu++0x";
				CLANG_CXX_LIBRARY = "libc++";
				CLANG_ENABLE_MODULES = YES;
				CLANG_ENABLE_OBJC_ARC = YES;
				CLANG_WARN_BOOL_CONVERSION = YES;
				CLANG_WARN_CONSTANT_CONVERSION = YES;
				CLANG_WARN_DIRECT_OBJC_ISA_USAGE = YES_ERROR;
				CLANG_WARN_EMPTY_BODY = YES;
				CLANG_WARN_ENUM_CONVERSION = YES;
				CLANG_WARN_INT_CONVERSION = YES;
				CLANG_WARN_OBJC_ROOT_CLASS = YES_ERROR;
				CLANG_WARN_UNREACHABLE_CODE = YES;
				CLANG_WARN__DUPLICATE_METHOD_MATCH = YES;
				CODE_SIGN_IDENTITY = "-";
				COPY_PHASE_STRIP = NO;
				DEBUG_INFORMATION_FORMAT = dwarf;
				ENABLE_STRICT_OBJC_MSGSEND = YES;
				ENABLE_TESTABILITY = YES;
				GCC_C_LANGUAGE_STANDARD = c99;
				GCC_DYNAMIC_NO_PIC = NO;
				GCC_NO_COMMON_BLOCKS = YES;
				GCC_OPTIMIZATION_LEVEL = 0;
				GCC_PREPROCESSOR_DEFINITIONS = (
					"DEBUG=1",
					"$(inherited)",
				);
				GCC_WARN_64_TO_32_BIT_CONVERSION = YES;
				GCC_WARN_ABOUT_RETURN_TYPE = YES_ERROR;
				GCC_WARN_UNDECLARED_SELECTOR = YES;
				GCC_WARN_UNINITIALIZED_AUTOS = YES_AGGRESSIVE;
				GCC_WARN_UNUSED_FUNCTION = YES;
				GCC_WARN_UNUSED_VARIABLE = YES;
				HEADER_SEARCH_PATHS = "";
				MACOSX_DEPLOYMENT_TARGET = 10.11;
				MTL_ENABLE_DEBUG_INFO = YES;
				ONLY_ACTIVE_ARCH = YES;
				SDKROOT = macosx;
			};
			name = Debug;
		};
		F3C018EF1DCE423400062459 /* Release */ = {
			isa = XCBuildConfiguration;
			buildSettings = {
				ALWAYS_SEARCH_USER_PATHS = NO;
				CLANG_CXX_LANGUAGE_STANDARD = "gnu++0x";
				CLANG_CXX_LIBRARY = "libc++";
				CLANG_ENABLE_MODULES = YES;
				CLANG_ENABLE_OBJC_ARC = YES;
				CLANG_WARN_BOOL_CONVERSION = YES;
				CLANG_WARN_CONSTANT_CONVERSION = YES;
				CLANG_WARN_DIRECT_OBJC_ISA_USAGE = YES_ERROR;
				CLANG_WARN_EMPTY_BODY = YES;
				CLANG_WARN_ENUM_CONVERSION = YES;
				CLANG_WARN_INT_CONVERSION = YES;
				CLANG_WARN_OBJC_ROOT_CLASS = YES_ERROR;
				CLANG_WARN_UNREACHABLE_CODE = YES;
				CLANG_WARN__DUPLICATE_METHOD_MATCH = YES;
				CODE_SIGN_IDENTITY = "-";
				COPY_PHASE_STRIP = NO;
				DEBUG_INFORMATION_FORMAT = "dwarf-with-dsym";
				ENABLE_NS_ASSERTIONS = NO;
				ENABLE_STRICT_OBJC_MSGSEND = YES;
				GCC_C_LANGUAGE_STANDARD = c99;
				GCC_NO_COMMON_BLOCKS = YES;
				GCC_WARN_64_TO_32_BIT_CONVERSION = YES;
				GCC_WARN_ABOUT_RETURN_TYPE = YES_ERROR;
				GCC_WARN_UNDECLARED_SELECTOR = YES;
				GCC_WARN_UNINITIALIZED_AUTOS = YES_AGGRESSIVE;
				GCC_WARN_UNUSED_FUNCTION = YES;
				GCC_WARN_UNUSED_VARIABLE = YES;
				HEADER_SEARCH_PATHS = "";
				MACOSX_DEPLOYMENT_TARGET = 10.11;
				MTL_ENABLE_DEBUG_INFO = NO;
				SDKROOT = macosx;
			};
			name = Release;
		};
		F3C018F11DCE423400062459 /* Debug */ = {
			isa = XCBuildConfiguration;
			buildSettings = {
				ALWAYS_SEARCH_USER_PATHS = NO;
				FRAMEWORK_SEARCH_PATHS = "";
				HEADER_SEARCH_PATHS = /usr/local/include;
				LIBRARY_SEARCH_PATHS = (
					"$(inherited)",
					"$(PROJECT_DIR)/CLAnnLMA",
					/usr/local/lib,
				);
				PRODUCT_NAME = "$(TARGET_NAME)";
			};
			name = Debug;
		};
		F3C018F21DCE423400062459 /* Release */ = {
			isa = XCBuildConfiguration;
			buildSettings = {
				ALWAYS_SEARCH_USER_PATHS = NO;
				FRAMEWORK_SEARCH_PATHS = "";
				GCC_OPTIMIZATION_LEVEL = 0;
				HEADER_SEARCH_PATHS = /usr/local/include;
				LIBRARY_SEARCH_PATHS = (
					"$(inherited)",
					"$(PROJECT_DIR)/CLAnnLMA",
					/usr/local/lib,
				);
				PRODUCT_NAME = "$(TARGET_NAME)";
			};
			name = Release;
		};
/* End XCBuildConfiguration section */

/* Begin XCConfigurationList section */
		F3C018E41DCE423400062459 /* Build configuration list for PBXProject "CLAnnLMA" */ = {
			isa = XCConfigurationList;
			buildConfigurations = (
				F3C018EE1DCE423400062459 /* Debug */,
				F3C018EF1DCE423400062459 /* Release */,
			);
			defaultConfigurationIsVisible = 0;
			defaultConfigurationName = Release;
		};
		F3C018F01DCE423400062459 /* Build configuration list for PBXNativeTarget "CLAnnLMA" */ = {
			isa = XCConfigurationList;
			buildConfigurations = (
				F3C018F11DCE423400062459 /* Debug */,
				F3C018F21DCE423400062459 /* Release */,
			);
			defaultConfigurationIsVisible = 0;
			defaultConfigurationName = Release;
		};
/* End XCConfigurationList section */
	};
	rootObject = F3C018E11DCE423400062459 /* Project object */;
}
